# This file was generated by Aiken
# You typically do not need to edit this file

[[requirements]]
name = "aiken-lang/stdlib"
version = "2.2.0"
source = "github"

[[requirements]]
name = "aiken-lang/fuzz"
version = "2.1.0"
source = "github"

[[requirements]]
name = "aiken-extra/test_kit"
version = "helium"
source = "github"

[[packages]]
name = "aiken-lang/stdlib"
version = "2.2.0"
requirements = []
source = "github"

[[packages]]
name = "aiken-lang/fuzz"
version = "2.1.0"
requirements = []
source = "github"

[[packages]]
name = "aiken-extra/test_kit"
version = "helium"
requirements = []
source = "github"

[etags]
"aiken-extra/test_kit@helium" = [{ secs_since_epoch = 1736942278, nanos_since_epoch = 989483773 }, "8aeaede15f69f88f8eacc139d29696e0d7860b0e198debb21cdf082234d49d56"]
